
Microsoft Visual Studio Solution File, Format Version 12.00
# Visual Studio 2012
Project("{8BC9CEB8-8B4A-11D0-8D11-00A0C91BC942}") = "DolphinBox", "DolphinBox\DolphinBox.vcxproj", "{3B8AA951-6DA3-44D9-870D-879A1F84CD98}"
	ProjectSection(ProjectDependencies) = postProject
		{C5E265CA-2DE8-4095-ABCA-9DE05DDCBE86} = {C5E265CA-2DE8-4095-ABCA-9DE05DDCBE86}
	EndProjectSection
EndProject
Project("{8BC9CEB8-8B4A-11D0-8D11-00A0C91BC942}") = "DolphinViewDll", "DolphinViewDll\DolphinViewDll.vcxproj", "{C5E265CA-2DE8-4095-ABCA-9DE05DDCBE86}"
EndProject
Project("{8BC9CEB8-8B4A-11D0-8D11-00A0C91BC942}") = "DolphinCore", "DolphinCore\DolphinCore.vcxproj", "{79C862F7-7ED2-437C-98E6-2999069345A8}"
EndProject
Global
	GlobalSection(SolutionConfigurationPlatforms) = preSolution
		Debug|Win32 = Debug|Win32
		Release|Win32 = Release|Win32
	EndGlobalSection
	GlobalSection(ProjectConfigurationPlatforms) = postSolution
		{3B8AA951-6DA3-44D9-870D-879A1F84CD98}.Debug|Win32.ActiveCfg = Debug|Win32
		{3B8AA951-6DA3-44D9-870D-879A1F84CD98}.Debug|Win32.Build.0 = Debug|Win32
		{3B8AA951-6DA3-44D9-870D-879A1F84CD98}.Release|Win32.ActiveCfg = Release|Win32
		{3B8AA951-6DA3-44D9-870D-879A1F84CD98}.Release|Win32.Build.0 = Release|Win32
		{C5E265CA-2DE8-4095-ABCA-9DE05DDCBE86}.Debug|Win32.ActiveCfg = Debug|Win32
		{C5E265CA-2DE8-4095-ABCA-9DE05DDCBE86}.Debug|Win32.Build.0 = Debug|Win32
		{C5E265CA-2DE8-4095-ABCA-9DE05DDCBE86}.Release|Win32.ActiveCfg = Release|Win32
		{C5E265CA-2DE8-4095-ABCA-9DE05DDCBE86}.Release|Win32.Build.0 = Release|Win32
		{79C862F7-7ED2-437C-98E6-2999069345A8}.Debug|Win32.ActiveCfg = Debug|Win32
		{79C862F7-7ED2-437C-98E6-2999069345A8}.Debug|Win32.Build.0 = Debug|Win32
		{79C862F7-7ED2-437C-98E6-2999069345A8}.Release|Win32.ActiveCfg = Release|Win32
		{79C862F7-7ED2-437C-98E6-2999069345A8}.Release|Win32.Build.0 = Release|Win32
	EndGlobalSection
	GlobalSection(SolutionProperties) = preSolution
		HideSolutionNode = FALSE
	EndGlobalSection
EndGlobal
